
Microsoft Visual Studio Solution File, Format Version 12.00
# Visual Studio Version 16
VisualStudioVersion = 16.0.32802.440
MinimumVisualStudioVersion = 10.0.40219.1
Project("{FAE04EC0-301F-11D3-BF4B-00C04F79EFBC}") = "valid", "valid\valid.csproj", "{C63CE9E9-5D5D-498B-9CE2-0D0DF66D706E}"
EndProject
Global
	GlobalSection(SolutionConfigurationPlatforms) = preSolution
		Debug|Any CPU = Debug|Any CPU
		Release|Any CPU = Release|Any CPU
	EndGlobalSection
	GlobalSection(ProjectConfigurationPlatforms) = postSolution
		{C63CE9E9-5D5D-498B-9CE2-0D0DF66D706E}.Debug|Any CPU.ActiveCfg = Debug|Any CPU
		{C63CE9E9-5D5D-498B-9CE2-0D0DF66D706E}.Debug|Any CPU.Build.0 = Debug|Any CPU
		{C63CE9E9-5D5D-498B-9CE2-0D0DF66D706E}.Release|Any CPU.ActiveCfg = Release|Any CPU
		{C63CE9E9-5D5D-498B-9CE2-0D0DF66D706E}.Release|Any CPU.Build.0 = Release|Any CPU
	EndGlobalSection
	GlobalSection(SolutionProperties) = preSolution
		HideSolutionNode = FALSE
	EndGlobalSection
	GlobalSection(ExtensibilityGlobals) = postSolution
		SolutionGuid = {51362CDA-9E12-408D-B2DB-02818889C069}
	EndGlobalSection
EndGlobal
